// !$*UTF8*$!
{
	archiveVersion = 1;
	classes = {
	};
	objectVersion = 46;
	objects = {

/* Begin PBXBuildFile section */
		1FF61C5A1868A18C0006380D /* Foundation.framework in Frameworks */ = {isa = PBXBuildFile; fileRef = 1FF61C591868A18C0006380D /* Foundation.framework */; };
		1FF61C5C1868A18C0006380D /* CoreGraphics.framework in Frameworks */ = {isa = PBXBuildFile; fileRef = 1FF61C5B1868A18C0006380D /* CoreGraphics.framework */; };
		1FF61C5E1868A18C0006380D /* UIKit.framework in Frameworks */ = {isa = PBXBuildFile; fileRef = 1FF61C5D1868A18C0006380D /* UIKit.framework */; };
		1FF61C641868A18C0006380D /* InfoPlist.strings in Resources */ = {isa = PBXBuildFile; fileRef = 1FF61C621868A18C0006380D /* InfoPlist.strings */; };
		1FF61C661868A18C0006380D /* main.m in Sources */ = {isa = PBXBuildFile; fileRef = 1FF61C651868A18C0006380D /* main.m */; };
		1FF61C6A1868A18C0006380D /* AppDelegate.m in Sources */ = {isa = PBXBuildFile; fileRef = 1FF61C691868A18C0006380D /* AppDelegate.m */; };
		1FF61C6C1868A18C0006380D /* Images.xcassets in Resources */ = {isa = PBXBuildFile; fileRef = 1FF61C6B1868A18C0006380D /* Images.xcassets */; };
		1FF61C731868A18D0006380D /* XCTest.framework in Frameworks */ = {isa = PBXBuildFile; fileRef = 1FF61C721868A18D0006380D /* XCTest.framework */; };
		1FF61C741868A18D0006380D /* Foundation.framework in Frameworks */ = {isa = PBXBuildFile; fileRef = 1FF61C591868A18C0006380D /* Foundation.framework */; };
		1FF61C751868A18D0006380D /* UIKit.framework in Frameworks */ = {isa = PBXBuildFile; fileRef = 1FF61C5D1868A18C0006380D /* UIKit.framework */; };
		1FF61C7D1868A18D0006380D /* InfoPlist.strings in Resources */ = {isa = PBXBuildFile; fileRef = 1FF61C7B1868A18D0006380D /* InfoPlist.strings */; };
		1FF61C7F1868A18D0006380D /* GoodCodingSampleTests.m in Sources */ = {isa = PBXBuildFile; fileRef = 1FF61C7E1868A18D0006380D /* GoodCodingSampleTests.m */; };
		1FF61C8E1868A2500006380D /* MainViewController.m in Sources */ = {isa = PBXBuildFile; fileRef = 1FF61C8A1868A2500006380D /* MainViewController.m */; };
		1FF61C8F1868A2500006380D /* SubViewController.m in Sources */ = {isa = PBXBuildFile; fileRef = 1FF61C8C1868A2500006380D /* SubViewController.m */; };
		1FF61C901868A2500006380D /* SubViewController.xib in Resources */ = {isa = PBXBuildFile; fileRef = 1FF61C8D1868A2500006380D /* SubViewController.xib */; };
		1FF61C921868A3680006380D /* MainViewController.xib in Resources */ = {isa = PBXBuildFile; fileRef = 1FF61C911868A3680006380D /* MainViewController.xib */; };
/* End PBXBuildFile section */

/* Begin PBXContainerItemProxy section */
		1FF61C761868A18D0006380D /* PBXContainerItemProxy */ = {
			isa = PBXContainerItemProxy;
			containerPortal = 1FF61C4E1868A18C0006380D /* Project object */;
			proxyType = 1;
			remoteGlobalIDString = 1FF61C551868A18C0006380D;
			remoteInfo = GoodCodingSample;
		};
/* End PBXContainerItemProxy section */

/* Begin PBXFileReference section */
		1FF61C561868A18C0006380D /* GoodCodingSample.app */ = {isa = PBXFileReference; explicitFileType = wrapper.application; includeInIndex = 0; path = GoodCodingSample.app; sourceTree = BUILT_PRODUCTS_DIR; };
		1FF61C591868A18C0006380D /* Foundation.framework */ = {isa = PBXFileReference; lastKnownFileType = wrapper.framework; name = Foundation.framework; path = System/Library/Frameworks/Foundation.framework; sourceTree = SDKROOT; };
		1FF61C5B1868A18C0006380D /* CoreGraphics.framework */ = {isa = PBXFileReference; lastKnownFileType = wrapper.framework; name = CoreGraphics.framework; path = System/Library/Frameworks/CoreGraphics.framework; sourceTree = SDKROOT; };
		1FF61C5D1868A18C0006380D /* UIKit.framework */ = {isa = PBXFileReference; lastKnownFileType = wrapper.framework; name = UIKit.framework; path = System/Library/Frameworks/UIKit.framework; sourceTree = SDKROOT; };
		1FF61C611868A18C0006380D /* GoodCodingSample-Info.plist */ = {isa = PBXFileReference; lastKnownFileType = text.plist.xml; path = "GoodCodingSample-Info.plist"; sourceTree = "<group>"; };
		1FF61C631868A18C0006380D /* en */ = {isa = PBXFileReference; lastKnownFileType = text.plist.strings; name = en; path = en.lproj/InfoPlist.strings; sourceTree = "<group>"; };
		1FF61C651868A18C0006380D /* main.m */ = {isa = PBXFileReference; lastKnownFileType = sourcecode.c.objc; path = main.m; sourceTree = "<group>"; };
		1FF61C671868A18C0006380D /* GoodCodingSample-Prefix.pch */ = {isa = PBXFileReference; lastKnownFileType = sourcecode.c.h; path = "GoodCodingSample-Prefix.pch"; sourceTree = "<group>"; };
		1FF61C681868A18C0006380D /* AppDelegate.h */ = {isa = PBXFileReference; lastKnownFileType = sourcecode.c.h; path = AppDelegate.h; sourceTree = "<group>"; };
		1FF61C691868A18C0006380D /* AppDelegate.m */ = {isa = PBXFileReference; lastKnownFileType = sourcecode.c.objc; path = AppDelegate.m; sourceTree = "<group>"; };
		1FF61C6B1868A18C0006380D /* Images.xcassets */ = {isa = PBXFileReference; lastKnownFileType = folder.assetcatalog; path = Images.xcassets; sourceTree = "<group>"; };
		1FF61C711868A18D0006380D /* GoodCodingSampleTests.xctest */ = {isa = PBXFileReference; explicitFileType = wrapper.cfbundle; includeInIndex = 0; path = GoodCodingSampleTests.xctest; sourceTree = BUILT_PRODUCTS_DIR; };
		1FF61C721868A18D0006380D /* XCTest.framework */ = {isa = PBXFileReference; lastKnownFileType = wrapper.framework; name = XCTest.framework; path = Library/Frameworks/XCTest.framework; sourceTree = DEVELOPER_DIR; };
		1FF61C7A1868A18D0006380D /* GoodCodingSampleTests-Info.plist */ = {isa = PBXFileReference; lastKnownFileType = text.plist.xml; path = "GoodCodingSampleTests-Info.plist"; sourceTree = "<group>"; };
		1FF61C7C1868A18D0006380D /* en */ = {isa = PBXFileReference; lastKnownFileType = text.plist.strings; name = en; path = en.lproj/InfoPlist.strings; sourceTree = "<group>"; };
		1FF61C7E1868A18D0006380D /* GoodCodingSampleTests.m */ = {isa = PBXFileReference; lastKnownFileType = sourcecode.c.objc; path = GoodCodingSampleTests.m; sourceTree = "<group>"; };
		1FF61C891868A2500006380D /* MainViewController.h */ = {isa = PBXFileReference; fileEncoding = 4; lastKnownFileType = sourcecode.c.h; path = MainViewController.h; sourceTree = "<group>"; };
		1FF61C8A1868A2500006380D /* MainViewController.m */ = {isa = PBXFileReference; fileEncoding = 4; lastKnownFileType = sourcecode.c.objc; path = MainViewController.m; sourceTree = "<group>"; };
		1FF61C8B1868A2500006380D /* SubViewController.h */ = {isa = PBXFileReference; fileEncoding = 4; lastKnownFileType = sourcecode.c.h; path = SubViewController.h; sourceTree = "<group>"; };
		1FF61C8C1868A2500006380D /* SubViewController.m */ = {isa = PBXFileReference; fileEncoding = 4; lastKnownFileType = sourcecode.c.objc; path = SubViewController.m; sourceTree = "<group>"; };
		1FF61C8D1868A2500006380D /* SubViewController.xib */ = {isa = PBXFileReference; fileEncoding = 4; lastKnownFileType = file.xib; path = SubViewController.xib; sourceTree = "<group>"; };
		1FF61C911868A3680006380D /* MainViewController.xib */ = {isa = PBXFileReference; fileEncoding = 4; lastKnownFileType = file.xib; path = MainViewController.xib; sourceTree = "<group>"; };
/* End PBXFileReference section */

/* Begin PBXFrameworksBuildPhase section */
		1FF61C531868A18C0006380D /* Frameworks */ = {
			isa = PBXFrameworksBuildPhase;
			buildActionMask = 2147483647;
			files = (
				1FF61C5C1868A18C0006380D /* CoreGraphics.framework in Frameworks */,
				1FF61C5E1868A18C0006380D /* UIKit.framework in Frameworks */,
				1FF61C5A1868A18C0006380D /* Foundation.framework in Frameworks */,
			);
			runOnlyForDeploymentPostprocessing = 0;
		};
		1FF61C6E1868A18D0006380D /* Frameworks */ = {
			isa = PBXFrameworksBuildPhase;
			buildActionMask = 2147483647;
			files = (
				1FF61C731868A18D0006380D /* XCTest.framework in Frameworks */,
				1FF61C751868A18D0006380D /* UIKit.framework in Frameworks */,
				1FF61C741868A18D0006380D /* Foundation.framework in Frameworks */,
			);
			runOnlyForDeploymentPostprocessing = 0;
		};
/* End PBXFrameworksBuildPhase section */

/* Begin PBXGroup section */
		1FF61C4D1868A18C0006380D = {
			isa = PBXGroup;
			children = (
				1FF61C5F1868A18C0006380D /* GoodCodingSample */,
				1FF61C781868A18D0006380D /* GoodCodingSampleTests */,
				1FF61C581868A18C0006380D /* Frameworks */,
				1FF61C571868A18C0006380D /* Products */,
			);
			sourceTree = "<group>";
		};
		1FF61C571868A18C0006380D /* Products */ = {
			isa = PBXGroup;
			children = (
				1FF61C561868A18C0006380D /* GoodCodingSample.app */,
				1FF61C711868A18D0006380D /* GoodCodingSampleTests.xctest */,
			);
			name = Products;
			sourceTree = "<group>";
		};
		1FF61C581868A18C0006380D /* Frameworks */ = {
			isa = PBXGroup;
			children = (
				1FF61C591868A18C0006380D /* Foundation.framework */,
				1FF61C5B1868A18C0006380D /* CoreGraphics.framework */,
				1FF61C5D1868A18C0006380D /* UIKit.framework */,
				1FF61C721868A18D0006380D /* XCTest.framework */,
			);
			name = Frameworks;
			sourceTree = "<group>";
		};
		1FF61C5F1868A18C0006380D /* GoodCodingSample */ = {
			isa = PBXGroup;
			children = (
				1FF61C681868A18C0006380D /* AppDelegate.h */,
				1FF61C691868A18C0006380D /* AppDelegate.m */,
				1FF61C6B1868A18C0006380D /* Images.xcassets */,
				1FF61C881868A2500006380D /* Controllers */,
				1FF61C601868A18C0006380D /* Supporting Files */,
			);
			path = GoodCodingSample;
			sourceTree = "<group>";
		};
		1FF61C601868A18C0006380D /* Supporting Files */ = {
			isa = PBXGroup;
			children = (
				1FF61C611868A18C0006380D /* GoodCodingSample-Info.plist */,
				1FF61C621868A18C0006380D /* InfoPlist.strings */,
				1FF61C651868A18C0006380D /* main.m */,
				1FF61C671868A18C0006380D /* GoodCodingSample-Prefix.pch */,
			);
			name = "Supporting Files";
			sourceTree = "<group>";
		};
		1FF61C781868A18D0006380D /* GoodCodingSampleTests */ = {
			isa = PBXGroup;
			children = (
				1FF61C7E1868A18D0006380D /* GoodCodingSampleTests.m */,
				1FF61C791868A18D0006380D /* Supporting Files */,
			);
			path = GoodCodingSampleTests;
			sourceTree = "<group>";
		};
		1FF61C791868A18D0006380D /* Supporting Files */ = {
			isa = PBXGroup;
			children = (
				1FF61C7A1868A18D0006380D /* GoodCodingSampleTests-Info.plist */,
				1FF61C7B1868A18D0006380D /* InfoPlist.strings */,
			);
			name = "Supporting Files";
			sourceTree = "<group>";
		};
		1FF61C881868A2500006380D /* Controllers */ = {
			isa = PBXGroup;
			children = (
				1FF61C891868A2500006380D /* MainViewController.h */,
				1FF61C8A1868A2500006380D /* MainViewController.m */,
				1FF61C911868A3680006380D /* MainViewController.xib */,
				1FF61C8B1868A2500006380D /* SubViewController.h */,
				1FF61C8C1868A2500006380D /* SubViewController.m */,
				1FF61C8D1868A2500006380D /* SubViewController.xib */,
			);
			path = Controllers;
			sourceTree = "<group>";
		};
/* End PBXGroup section */

/* Begin PBXNativeTarget section */
		1FF61C551868A18C0006380D /* GoodCodingSample */ = {
			isa = PBXNativeTarget;
			buildConfigurationList = 1FF61C821868A18D0006380D /* Build configuration list for PBXNativeTarget "GoodCodingSample" */;
			buildPhases = (
				1FF61C521868A18C0006380D /* Sources */,
				1FF61C531868A18C0006380D /* Frameworks */,
				1FF61C541868A18C0006380D /* Resources */,
			);
			buildRules = (
			);
			dependencies = (
			);
			name = GoodCodingSample;
			productName = GoodCodingSample;
			productReference = 1FF61C561868A18C0006380D /* GoodCodingSample.app */;
			productType = "com.apple.product-type.application";
		};
		1FF61C701868A18D0006380D /* GoodCodingSampleTests */ = {
			isa = PBXNativeTarget;
			buildConfigurationList = 1FF61C851868A18D0006380D /* Build configuration list for PBXNativeTarget "GoodCodingSampleTests" */;
			buildPhases = (
				1FF61C6D1868A18D0006380D /* Sources */,
				1FF61C6E1868A18D0006380D /* Frameworks */,
				1FF61C6F1868A18D0006380D /* Resources */,
			);
			buildRules = (
			);
			dependencies = (
				1FF61C771868A18D0006380D /* PBXTargetDependency */,
			);
			name = GoodCodingSampleTests;
			productName = GoodCodingSampleTests;
			productReference = 1FF61C711868A18D0006380D /* GoodCodingSampleTests.xctest */;
			productType = "com.apple.product-type.bundle.unit-test";
		};
/* End PBXNativeTarget section */

/* Begin PBXProject section */
		1FF61C4E1868A18C0006380D /* Project object */ = {
			isa = PBXProject;
			attributes = {
				LastUpgradeCheck = 0500;
				ORGANIZATIONNAME = good;
				TargetAttributes = {
					1FF61C701868A18D0006380D = {
						TestTargetID = 1FF61C551868A18C0006380D;
					};
				};
			};
			buildConfigurationList = 1FF61C511868A18C0006380D /* Build configuration list for PBXProject "GoodCodingSample" */;
			compatibilityVersion = "Xcode 3.2";
			developmentRegion = English;
			hasScannedForEncodings = 0;
			knownRegions = (
				en,
			);
			mainGroup = 1FF61C4D1868A18C0006380D;
			productRefGroup = 1FF61C571868A18C0006380D /* Products */;
			projectDirPath = "";
			projectRoot = "";
			targets = (
				1FF61C551868A18C0006380D /* GoodCodingSample */,
				1FF61C701868A18D0006380D /* GoodCodingSampleTests */,
			);
		};
/* End PBXProject section */

/* Begin PBXResourcesBuildPhase section */
		1FF61C541868A18C0006380D /* Resources */ = {
			isa = PBXResourcesBuildPhase;
			buildActionMask = 2147483647;
			files = (
				1FF61C641868A18C0006380D /* InfoPlist.strings in Resources */,
				1FF61C901868A2500006380D /* SubViewController.xib in Resources */,
				1FF61C6C1868A18C0006380D /* Images.xcassets in Resources */,
				1FF61C921868A3680006380D /* MainViewController.xib in Resources */,
			);
			runOnlyForDeploymentPostprocessing = 0;
		};
		1FF61C6F1868A18D0006380D /* Resources */ = {
			isa = PBXResourcesBuildPhase;
			buildActionMask = 2147483647;
			files = (
				1FF61C7D1868A18D0006380D /* InfoPlist.strings in Resources */,
			);
			runOnlyForDeploymentPostprocessing = 0;
		};
/* End PBXResourcesBuildPhase section */

/* Begin PBXSourcesBuildPhase section */
		1FF61C521868A18C0006380D /* Sources */ = {
			isa = PBXSourcesBuildPhase;
			buildActionMask = 2147483647;
			files = (
				1FF61C6A1868A18C0006380D /* AppDelegate.m in Sources */,
				1FF61C8E1868A2500006380D /* MainViewController.m in Sources */,
				1FF61C661868A18C0006380D /* main.m in Sources */,
				1FF61C8F1868A2500006380D /* SubViewController.m in Sources */,
			);
			runOnlyForDeploymentPostprocessing = 0;
		};
		1FF61C6D1868A18D0006380D /* Sources */ = {
			isa = PBXSourcesBuildPhase;
			buildActionMask = 2147483647;
			files = (
				1FF61C7F1868A18D0006380D /* GoodCodingSampleTests.m in Sources */,
			);
			runOnlyForDeploymentPostprocessing = 0;
		};
/* End PBXSourcesBuildPhase section */

/* Begin PBXTargetDependency section */
		1FF61C771868A18D0006380D /* PBXTargetDependency */ = {
			isa = PBXTargetDependency;
			target = 1FF61C551868A18C0006380D /* GoodCodingSample */;
			targetProxy = 1FF61C761868A18D0006380D /* PBXContainerItemProxy */;
		};
/* End PBXTargetDependency section */

/* Begin PBXVariantGroup section */
		1FF61C621868A18C0006380D /* InfoPlist.strings */ = {
			isa = PBXVariantGroup;
			children = (
				1FF61C631868A18C0006380D /* en */,
			);
			name = InfoPlist.strings;
			sourceTree = "<group>";
		};
		1FF61C7B1868A18D0006380D /* InfoPlist.strings */ = {
			isa = PBXVariantGroup;
			children = (
				1FF61C7C1868A18D0006380D /* en */,
			);
			name = InfoPlist.strings;
			sourceTree = "<group>";
		};
/* End PBXVariantGroup section */

/* Begin XCBuildConfiguration section */
		1FF61C801868A18D0006380D /* Debug */ = {
			isa = XCBuildConfiguration;
			buildSettings = {
				ALWAYS_SEARCH_USER_PATHS = NO;
				ARCHS = "$(ARCHS_STANDARD_INCLUDING_64_BIT)";
				CLANG_CXX_LANGUAGE_STANDARD = "gnu++0x";
				CLANG_CXX_LIBRARY = "libc++";
				CLANG_ENABLE_MODULES = YES;
				CLANG_ENABLE_OBJC_ARC = YES;
				CLANG_WARN_BOOL_CONVERSION = YES;
				CLANG_WARN_CONSTANT_CONVERSION = YES;
				CLANG_WARN_DIRECT_OBJC_ISA_USAGE = YES_ERROR;
				CLANG_WARN_EMPTY_BODY = YES;
				CLANG_WARN_ENUM_CONVERSION = YES;
				CLANG_WARN_INT_CONVERSION = YES;
				CLANG_WARN_OBJC_ROOT_CLASS = YES_ERROR;
				CLANG_WARN__DUPLICATE_METHOD_MATCH = YES;
				"CODE_SIGN_IDENTITY[sdk=iphoneos*]" = "iPhone Developer";
				COPY_PHASE_STRIP = NO;
				GCC_C_LANGUAGE_STANDARD = gnu99;
				GCC_DYNAMIC_NO_PIC = NO;
				GCC_OPTIMIZATION_LEVEL = 0;
				GCC_PREPROCESSOR_DEFINITIONS = (
					"DEBUG=1",
					"$(inherited)",
				);
				GCC_SYMBOLS_PRIVATE_EXTERN = NO;
				GCC_WARN_64_TO_32_BIT_CONVERSION = YES;
				GCC_WARN_ABOUT_RETURN_TYPE = YES_ERROR;
				GCC_WARN_UNDECLARED_SELECTOR = YES;
				GCC_WARN_UNINITIALIZED_AUTOS = YES;
				GCC_WARN_UNUSED_FUNCTION = YES;
				GCC_WARN_UNUSED_VARIABLE = YES;
				IPHONEOS_DEPLOYMENT_TARGET = 7.0;
				ONLY_ACTIVE_ARCH = YES;
				SDKROOT = iphoneos;
			};
			name = Debug;
		};
		1FF61C811868A18D0006380D /* Release */ = {
			isa = XCBuildConfiguration;
			buildSettings = {
				ALWAYS_SEARCH_USER_PATHS = NO;
				ARCHS = "$(ARCHS_STANDARD_INCLUDING_64_BIT)";
				CLANG_CXX_LANGUAGE_STANDARD = "gnu++0x";
				CLANG_CXX_LIBRARY = "libc++";
				CLANG_ENABLE_MODULES = YES;
				CLANG_ENABLE_OBJC_ARC = YES;
				CLANG_WARN_BOOL_CONVERSION = YES;
				CLANG_WARN_CONSTANT_CONVERSION = YES;
				CLANG_WARN_DIRECT_OBJC_ISA_USAGE = YES_ERROR;
				CLANG_WARN_EMPTY_BODY = YES;
				CLANG_WARN_ENUM_CONVERSION = YES;
				CLANG_WARN_INT_CONVERSION = YES;
				CLANG_WARN_OBJC_ROOT_CLASS = YES_ERROR;
				CLANG_WARN__DUPLICATE_METHOD_MATCH = YES;
				"CODE_SIGN_IDENTITY[sdk=iphoneos*]" = "iPhone Developer";
				COPY_PHASE_STRIP = YES;
				ENABLE_NS_ASSERTIONS = NO;
				GCC_C_LANGUAGE_STANDARD = gnu99;
				GCC_WARN_64_TO_32_BIT_CONVERSION = YES;
				GCC_WARN_ABOUT_RETURN_TYPE = YES_ERROR;
				GCC_WARN_UNDECLARED_SELECTOR = YES;
				GCC_WARN_UNINITIALIZED_AUTOS = YES;
				GCC_WARN_UNUSED_FUNCTION = YES;
				GCC_WARN_UNUSED_VARIABLE = YES;
				IPHONEOS_DEPLOYMENT_TARGET = 7.0;
				SDKROOT = iphoneos;
				VALIDATE_PRODUCT = YES;
			};
			name = Release;
		};
		1FF61C831868A18D0006380D /* Debug */ = {
			isa = XCBuildConfiguration;
			buildSettings = {
				ASSETCATALOG_COMPILER_APPICON_NAME = AppIcon;
				ASSETCATALOG_COMPILER_LAUNCHIMAGE_NAME = LaunchImage;
				GCC_PRECOMPILE_PREFIX_HEADER = YES;
				GCC_PREFIX_HEADER = "GoodCodingSample/GoodCodingSample-Prefix.pch";
				INFOPLIST_FILE = "GoodCodingSample/GoodCodingSample-Info.plist";
				PRODUCT_NAME = "$(TARGET_NAME)";
				WRAPPER_EXTENSION = app;
			};
			name = Debug;
		};
		1FF61C841868A18D0006380D /* Release */ = {
			isa = XCBuildConfiguration;
			buildSettings = {
				ASSETCATALOG_COMPILER_APPICON_NAME = AppIcon;
				ASSETCATALOG_COMPILER_LAUNCHIMAGE_NAME = LaunchImage;
				GCC_PRECOMPILE_PREFIX_HEADER = YES;
				GCC_PREFIX_HEADER = "GoodCodingSample/GoodCodingSample-Prefix.pch";
				INFOPLIST_FILE = "GoodCodingSample/GoodCodingSample-Info.plist";
				PRODUCT_NAME = "$(TARGET_NAME)";
				WRAPPER_EXTENSION = app;
			};
			name = Release;
		};
		1FF61C861868A18D0006380D /* Debug */ = {
			isa = XCBuildConfiguration;
			buildSettings = {
				ARCHS = "$(ARCHS_STANDARD_INCLUDING_64_BIT)";
				BUNDLE_LOADER = "$(BUILT_PRODUCTS_DIR)/GoodCodingSample.app/GoodCodingSample";
				FRAMEWORK_SEARCH_PATHS = (
					"$(SDKROOT)/Developer/Library/Frameworks",
					"$(inherited)",
					"$(DEVELOPER_FRAMEWORKS_DIR)",
				);
				GCC_PRECOMPILE_PREFIX_HEADER = YES;
				GCC_PREFIX_HEADER = "GoodCodingSample/GoodCodingSample-Prefix.pch";
				GCC_PREPROCESSOR_DEFINITIONS = (
					"DEBUG=1",
					"$(inherited)",
				);
				INFOPLIST_FILE = "GoodCodingSampleTests/GoodCodingSampleTests-Info.plist";
				PRODUCT_NAME = "$(TARGET_NAME)";
				TEST_HOST = "$(BUNDLE_LOADER)";
				WRAPPER_EXTENSION = xctest;
			};
			name = Debug;
		};
		1FF61C871868A18D0006380D /* Release */ = {
			isa = XCBuildConfiguration;
			buildSettings = {
				ARCHS = "$(ARCHS_STANDARD_INCLUDING_64_BIT)";
				BUNDLE_LOADER = "$(BUILT_PRODUCTS_DIR)/GoodCodingSample.app/GoodCodingSample";
				FRAMEWORK_SEARCH_PATHS = (
					"$(SDKROOT)/Developer/Library/Frameworks",
					"$(inherited)",
					"$(DEVELOPER_FRAMEWORKS_DIR)",
				);
				GCC_PRECOMPILE_PREFIX_HEADER = YES;
				GCC_PREFIX_HEADER = "GoodCodingSample/GoodCodingSample-Prefix.pch";
				INFOPLIST_FILE = "GoodCodingSampleTests/GoodCodingSampleTests-Info.plist";
				PRODUCT_NAME = "$(TARGET_NAME)";
				TEST_HOST = "$(BUNDLE_LOADER)";
				WRAPPER_EXTENSION = xctest;
			};
			name = Release;
		};
/* End XCBuildConfiguration section */

/* Begin XCConfigurationList section */
		1FF61C511868A18C0006380D /* Build configuration list for PBXProject "GoodCodingSample" */ = {
			isa = XCConfigurationList;
			buildConfigurations = (
				1FF61C801868A18D0006380D /* Debug */,
				1FF61C811868A18D0006380D /* Release */,
			);
			defaultConfigurationIsVisible = 0;
			defaultConfigurationName = Release;
		};
		1FF61C821868A18D0006380D /* Build configuration list for PBXNativeTarget "GoodCodingSample" */ = {
			isa = XCConfigurationList;
			buildConfigurations = (
				1FF61C831868A18D0006380D /* Debug */,
				1FF61C841868A18D0006380D /* Release */,
			);
			defaultConfigurationIsVisible = 0;
		};
		1FF61C851868A18D0006380D /* Build configuration list for PBXNativeTarget "GoodCodingSampleTests" */ = {
			isa = XCConfigurationList;
			buildConfigurations = (
				1FF61C861868A18D0006380D /* Debug */,
				1FF61C871868A18D0006380D /* Release */,
			);
			defaultConfigurationIsVisible = 0;
		};
/* End XCConfigurationList section */
	};
	rootObject = 1FF61C4E1868A18C0006380D /* Project object */;
}
